
Microsoft Visual Studio Solution File, Format Version 12.00
# Visual Studio Version 17
VisualStudioVersion = 17.3.32901.215
MinimumVisualStudioVersion = 10.0.40219.1
Project("{FAE04EC0-301F-11D3-BF4B-00C04F79EFBC}") = "strictlyIncreasing", "strictlyIncreasing.csproj", "{1A1B6DF5-B8C5-46CE-83D0-8185293A9EE9}"
EndProject
Global
	GlobalSection(SolutionConfigurationPlatforms) = preSolution
		Debug|Any CPU = Debug|Any CPU
		Release|Any CPU = Release|Any CPU
	EndGlobalSection
	GlobalSection(ProjectConfigurationPlatforms) = postSolution
		{1A1B6DF5-B8C5-46CE-83D0-8185293A9EE9}.Debug|Any CPU.ActiveCfg = Debug|Any CPU
		{1A1B6DF5-B8C5-46CE-83D0-8185293A9EE9}.Debug|Any CPU.Build.0 = Debug|Any CPU
		{1A1B6DF5-B8C5-46CE-83D0-8185293A9EE9}.Release|Any CPU.ActiveCfg = Release|Any CPU
		{1A1B6DF5-B8C5-46CE-83D0-8185293A9EE9}.Release|Any CPU.Build.0 = Release|Any CPU
	EndGlobalSection
	GlobalSection(SolutionProperties) = preSolution
		HideSolutionNode = FALSE
	EndGlobalSection
	GlobalSection(ExtensibilityGlobals) = postSolution
		SolutionGuid = {3C07FC2E-7175-4FD4-8EAC-DE7FA8B1A797}
	EndGlobalSection
EndGlobal
